{"format_version":"1.2","terraform_version":"1.7.2","planned_values":{"outputs":{"Instance_Id":{"sensitive":false}},"root_module":{"resources":[{"address":"aws_instance.Deham10","mode":"managed","type":"aws_instance","name":"Deham10","provider_name":"registry.terraform.io/hashicorp/aws","schema_version":1,"values":{"ami":"ami-0d442a425e2e0a743","credit_specification":[],"get_password_data":false,"hibernation":null,"instance_type":"t2.micro","key_name":"vockey","launch_template":[],"source_dest_check":true,"subnet_id":"subnet-04a5b267ae73d6c57","tags":{"Name":"Deham10"},"tags_all":{"Name":"Deham10"},"timeouts":null,"user_data":"61d16410982c188c7eec1642a9dd25e5bc6ccdc7","user_data_replace_on_change":false,"volume_tags":null,"vpc_security_group_ids":["sg-0836ebb9255b0b6df"]},"sensitive_values":{"capacity_reservation_specification":[],"cpu_options":[],"credit_specification":[],"ebs_block_device":[],"enclave_options":[],"ephemeral_block_device":[],"instance_market_options":[],"ipv6_addresses":[],"launch_template":[],"maintenance_options":[],"metadata_options":[],"network_interface":[],"private_dns_name_options":[],"root_block_device":[],"secondary_private_ips":[],"security_groups":[],"tags":{},"tags_all":{},"vpc_security_group_ids":[false]}},{"address":"aws_security_group.Public_SG_Deham10","mode":"managed","type":"aws_security_group","name":"Public_SG_Deham10","provider_name":"registry.terraform.io/hashicorp/aws","schema_version":1,"values":{"arn":"arn:aws:ec2:us-west-2:767397978169:security-group/sg-0836ebb9255b0b6df","description":"Allow SSH and HTTP inbound traffic","egress":[{"cidr_blocks":["0.0.0.0/0"],"description":"","from_port":0,"ipv6_cidr_blocks":[],"prefix_list_ids":[],"protocol":"-1","security_groups":[],"self":false,"to_port":0}],"id":"sg-0836ebb9255b0b6df","ingress":[{"cidr_blocks":["0.0.0.0/0"],"description":"HTTP from VPC","from_port":80,"ipv6_cidr_blocks":[],"prefix_list_ids":[],"protocol":"tcp","security_groups":[],"self":false,"to_port":80},{"cidr_blocks":["0.0.0.0/0"],"description":"SSH from VPC","from_port":22,"ipv6_cidr_blocks":[],"prefix_list_ids":[],"protocol":"tcp","security_groups":[],"self":false,"to_port":22}],"name":"Public_SG_Deham10","name_prefix":"","owner_id":"767397978169","revoke_rules_on_delete":false,"tags":{},"tags_all":{},"timeouts":null,"vpc_id":"vpc-0a676ff821fd9c8ed"},"sensitive_values":{"egress":[{"cidr_blocks":[false],"ipv6_cidr_blocks":[],"prefix_list_ids":[],"security_groups":[]}],"ingress":[{"cidr_blocks":[false],"ipv6_cidr_blocks":[],"prefix_list_ids":[],"security_groups":[]},{"cidr_blocks":[false],"ipv6_cidr_blocks":[],"prefix_list_ids":[],"security_groups":[]}],"tags":{},"tags_all":{}}},{"address":"aws_subnet.Deham10_Subnet","mode":"managed","type":"aws_subnet","name":"Deham10_Subnet","provider_name":"registry.terraform.io/hashicorp/aws","schema_version":1,"values":{"arn":"arn:aws:ec2:us-west-2:767397978169:subnet/subnet-04a5b267ae73d6c57","assign_ipv6_address_on_creation":false,"availability_zone":"us-west-2a","availability_zone_id":"usw2-az2","cidr_block":"10.0.0.0/24","customer_owned_ipv4_pool":"","enable_dns64":false,"enable_lni_at_device_index":0,"enable_resource_name_dns_a_record_on_launch":false,"enable_resource_name_dns_aaaa_record_on_launch":false,"id":"subnet-04a5b267ae73d6c57","ipv6_cidr_block":"","ipv6_cidr_block_association_id":"","ipv6_native":false,"map_customer_owned_ip_on_launch":false,"map_public_ip_on_launch":false,"outpost_arn":"","owner_id":"767397978169","private_dns_hostname_type_on_launch":"ip-name","tags":{"Name":"Deham10_Subnet"},"tags_all":{"Name":"Deham10_Subnet"},"timeouts":null,"vpc_id":"vpc-0a676ff821fd9c8ed"},"sensitive_values":{"tags":{},"tags_all":{}}},{"address":"aws_vpc.Deham10_VPC","mode":"managed","type":"aws_vpc","name":"Deham10_VPC","provider_name":"registry.terraform.io/hashicorp/aws","schema_version":1,"values":{"arn":"arn:aws:ec2:us-west-2:767397978169:vpc/vpc-0a676ff821fd9c8ed","assign_generated_ipv6_cidr_block":false,"cidr_block":"10.0.0.0/16","default_network_acl_id":"acl-0f2fd21f733eab758","default_route_table_id":"rtb-04279791614a2fdf7","default_security_group_id":"sg-07687713fef5f2986","dhcp_options_id":"dopt-0a537aeaecd3171f4","enable_dns_hostnames":true,"enable_dns_support":true,"enable_network_address_usage_metrics":false,"id":"vpc-0a676ff821fd9c8ed","instance_tenancy":"default","ipv4_ipam_pool_id":null,"ipv4_netmask_length":null,"ipv6_association_id":"","ipv6_cidr_block":"","ipv6_cidr_block_network_border_group":"","ipv6_ipam_pool_id":"","ipv6_netmask_length":0,"main_route_table_id":"rtb-04279791614a2fdf7","owner_id":"767397978169","tags":{"Name":"Deham10_VPC"},"tags_all":{"Name":"Deham10_VPC"}},"sensitive_values":{"tags":{},"tags_all":{}}}]}},"resource_changes":[{"address":"aws_instance.Deham10","mode":"managed","type":"aws_instance","name":"Deham10","provider_name":"registry.terraform.io/hashicorp/aws","change":{"actions":["create"],"before":null,"after":{"ami":"ami-0d442a425e2e0a743","credit_specification":[],"get_password_data":false,"hibernation":null,"instance_type":"t2.micro","key_name":"vockey","launch_template":[],"source_dest_check":true,"subnet_id":"subnet-04a5b267ae73d6c57","tags":{"Name":"Deham10"},"tags_all":{"Name":"Deham10"},"timeouts":null,"user_data":"61d16410982c188c7eec1642a9dd25e5bc6ccdc7","user_data_replace_on_change":false,"volume_tags":null,"vpc_security_group_ids":["sg-0836ebb9255b0b6df"]},"after_unknown":{"arn":true,"associate_public_ip_address":true,"availability_zone":true,"capacity_reservation_specification":true,"cpu_core_count":true,"cpu_options":true,"cpu_threads_per_core":true,"credit_specification":[],"disable_api_stop":true,"disable_api_termination":true,"ebs_block_device":true,"ebs_optimized":true,"enclave_options":true,"ephemeral_block_device":true,"host_id":true,"host_resource_group_arn":true,"iam_instance_profile":true,"id":true,"instance_initiated_shutdown_behavior":true,"instance_lifecycle":true,"instance_market_options":true,"instance_state":true,"ipv6_address_count":true,"ipv6_addresses":true,"launch_template":[],"maintenance_options":true,"metadata_options":true,"monitoring":true,"network_interface":true,"outpost_arn":true,"password_data":true,"placement_group":true,"placement_partition_number":true,"primary_network_interface_id":true,"private_dns":true,"private_dns_name_options":true,"private_ip":true,"public_dns":true,"public_ip":true,"root_block_device":true,"secondary_private_ips":true,"security_groups":true,"spot_instance_request_id":true,"tags":{},"tags_all":{},"tenancy":true,"user_data_base64":true,"vpc_security_group_ids":[false]},"before_sensitive":false,"after_sensitive":{"capacity_reservation_specification":[],"cpu_options":[],"credit_specification":[],"ebs_block_device":[],"enclave_options":[],"ephemeral_block_device":[],"instance_market_options":[],"ipv6_addresses":[],"launch_template":[],"maintenance_options":[],"metadata_options":[],"network_interface":[],"private_dns_name_options":[],"root_block_device":[],"secondary_private_ips":[],"security_groups":[],"tags":{},"tags_all":{},"vpc_security_group_ids":[false]}}},{"address":"aws_security_group.Public_SG_Deham10","mode":"managed","type":"aws_security_group","name":"Public_SG_Deham10","provider_name":"registry.terraform.io/hashicorp/aws","change":{"actions":["no-op"],"before":{"arn":"arn:aws:ec2:us-west-2:767397978169:security-group/sg-0836ebb9255b0b6df","description":"Allow SSH and HTTP inbound traffic","egress":[{"cidr_blocks":["0.0.0.0/0"],"description":"","from_port":0,"ipv6_cidr_blocks":[],"prefix_list_ids":[],"protocol":"-1","security_groups":[],"self":false,"to_port":0}],"id":"sg-0836ebb9255b0b6df","ingress":[{"cidr_blocks":["0.0.0.0/0"],"description":"HTTP from VPC","from_port":80,"ipv6_cidr_blocks":[],"prefix_list_ids":[],"protocol":"tcp","security_groups":[],"self":false,"to_port":80},{"cidr_blocks":["0.0.0.0/0"],"description":"SSH from VPC","from_port":22,"ipv6_cidr_blocks":[],"prefix_list_ids":[],"protocol":"tcp","security_groups":[],"self":false,"to_port":22}],"name":"Public_SG_Deham10","name_prefix":"","owner_id":"767397978169","revoke_rules_on_delete":false,"tags":{},"tags_all":{},"timeouts":null,"vpc_id":"vpc-0a676ff821fd9c8ed"},"after":{"arn":"arn:aws:ec2:us-west-2:767397978169:security-group/sg-0836ebb9255b0b6df","description":"Allow SSH and HTTP inbound traffic","egress":[{"cidr_blocks":["0.0.0.0/0"],"description":"","from_port":0,"ipv6_cidr_blocks":[],"prefix_list_ids":[],"protocol":"-1","security_groups":[],"self":false,"to_port":0}],"id":"sg-0836ebb9255b0b6df","ingress":[{"cidr_blocks":["0.0.0.0/0"],"description":"HTTP from VPC","from_port":80,"ipv6_cidr_blocks":[],"prefix_list_ids":[],"protocol":"tcp","security_groups":[],"self":false,"to_port":80},{"cidr_blocks":["0.0.0.0/0"],"description":"SSH from VPC","from_port":22,"ipv6_cidr_blocks":[],"prefix_list_ids":[],"protocol":"tcp","security_groups":[],"self":false,"to_port":22}],"name":"Public_SG_Deham10","name_prefix":"","owner_id":"767397978169","revoke_rules_on_delete":false,"tags":{},"tags_all":{},"timeouts":null,"vpc_id":"vpc-0a676ff821fd9c8ed"},"after_unknown":{},"before_sensitive":{"egress":[{"cidr_blocks":[false],"ipv6_cidr_blocks":[],"prefix_list_ids":[],"security_groups":[]}],"ingress":[{"cidr_blocks":[false],"ipv6_cidr_blocks":[],"prefix_list_ids":[],"security_groups":[]},{"cidr_blocks":[false],"ipv6_cidr_blocks":[],"prefix_list_ids":[],"security_groups":[]}],"tags":{},"tags_all":{}},"after_sensitive":{"egress":[{"cidr_blocks":[false],"ipv6_cidr_blocks":[],"prefix_list_ids":[],"security_groups":[]}],"ingress":[{"cidr_blocks":[false],"ipv6_cidr_blocks":[],"prefix_list_ids":[],"security_groups":[]},{"cidr_blocks":[false],"ipv6_cidr_blocks":[],"prefix_list_ids":[],"security_groups":[]}],"tags":{},"tags_all":{}}}},{"address":"aws_subnet.Deham10_Subnet","mode":"managed","type":"aws_subnet","name":"Deham10_Subnet","provider_name":"registry.terraform.io/hashicorp/aws","change":{"actions":["no-op"],"before":{"arn":"arn:aws:ec2:us-west-2:767397978169:subnet/subnet-04a5b267ae73d6c57","assign_ipv6_address_on_creation":false,"availability_zone":"us-west-2a","availability_zone_id":"usw2-az2","cidr_block":"10.0.0.0/24","customer_owned_ipv4_pool":"","enable_dns64":false,"enable_lni_at_device_index":0,"enable_resource_name_dns_a_record_on_launch":false,"enable_resource_name_dns_aaaa_record_on_launch":false,"id":"subnet-04a5b267ae73d6c57","ipv6_cidr_block":"","ipv6_cidr_block_association_id":"","ipv6_native":false,"map_customer_owned_ip_on_launch":false,"map_public_ip_on_launch":false,"outpost_arn":"","owner_id":"767397978169","private_dns_hostname_type_on_launch":"ip-name","tags":{"Name":"Deham10_Subnet"},"tags_all":{"Name":"Deham10_Subnet"},"timeouts":null,"vpc_id":"vpc-0a676ff821fd9c8ed"},"after":{"arn":"arn:aws:ec2:us-west-2:767397978169:subnet/subnet-04a5b267ae73d6c57","assign_ipv6_address_on_creation":false,"availability_zone":"us-west-2a","availability_zone_id":"usw2-az2","cidr_block":"10.0.0.0/24","customer_owned_ipv4_pool":"","enable_dns64":false,"enable_lni_at_device_index":0,"enable_resource_name_dns_a_record_on_launch":false,"enable_resource_name_dns_aaaa_record_on_launch":false,"id":"subnet-04a5b267ae73d6c57","ipv6_cidr_block":"","ipv6_cidr_block_association_id":"","ipv6_native":false,"map_customer_owned_ip_on_launch":false,"map_public_ip_on_launch":false,"outpost_arn":"","owner_id":"767397978169","private_dns_hostname_type_on_launch":"ip-name","tags":{"Name":"Deham10_Subnet"},"tags_all":{"Name":"Deham10_Subnet"},"timeouts":null,"vpc_id":"vpc-0a676ff821fd9c8ed"},"after_unknown":{},"before_sensitive":{"tags":{},"tags_all":{}},"after_sensitive":{"tags":{},"tags_all":{}}}},{"address":"aws_vpc.Deham10_VPC","mode":"managed","type":"aws_vpc","name":"Deham10_VPC","provider_name":"registry.terraform.io/hashicorp/aws","change":{"actions":["no-op"],"before":{"arn":"arn:aws:ec2:us-west-2:767397978169:vpc/vpc-0a676ff821fd9c8ed","assign_generated_ipv6_cidr_block":false,"cidr_block":"10.0.0.0/16","default_network_acl_id":"acl-0f2fd21f733eab758","default_route_table_id":"rtb-04279791614a2fdf7","default_security_group_id":"sg-07687713fef5f2986","dhcp_options_id":"dopt-0a537aeaecd3171f4","enable_dns_hostnames":true,"enable_dns_support":true,"enable_network_address_usage_metrics":false,"id":"vpc-0a676ff821fd9c8ed","instance_tenancy":"default","ipv4_ipam_pool_id":null,"ipv4_netmask_length":null,"ipv6_association_id":"","ipv6_cidr_block":"","ipv6_cidr_block_network_border_group":"","ipv6_ipam_pool_id":"","ipv6_netmask_length":0,"main_route_table_id":"rtb-04279791614a2fdf7","owner_id":"767397978169","tags":{"Name":"Deham10_VPC"},"tags_all":{"Name":"Deham10_VPC"}},"after":{"arn":"arn:aws:ec2:us-west-2:767397978169:vpc/vpc-0a676ff821fd9c8ed","assign_generated_ipv6_cidr_block":false,"cidr_block":"10.0.0.0/16","default_network_acl_id":"acl-0f2fd21f733eab758","default_route_table_id":"rtb-04279791614a2fdf7","default_security_group_id":"sg-07687713fef5f2986","dhcp_options_id":"dopt-0a537aeaecd3171f4","enable_dns_hostnames":true,"enable_dns_support":true,"enable_network_address_usage_metrics":false,"id":"vpc-0a676ff821fd9c8ed","instance_tenancy":"default","ipv4_ipam_pool_id":null,"ipv4_netmask_length":null,"ipv6_association_id":"","ipv6_cidr_block":"","ipv6_cidr_block_network_border_group":"","ipv6_ipam_pool_id":"","ipv6_netmask_length":0,"main_route_table_id":"rtb-04279791614a2fdf7","owner_id":"767397978169","tags":{"Name":"Deham10_VPC"},"tags_all":{"Name":"Deham10_VPC"}},"after_unknown":{},"before_sensitive":{"tags":{},"tags_all":{}},"after_sensitive":{"tags":{},"tags_all":{}}}}],"output_changes":{"Instance_Id":{"actions":["create"],"before":null,"after_unknown":true,"before_sensitive":false,"after_sensitive":false}},"prior_state":{"format_version":"1.0","terraform_version":"1.7.2","values":{"root_module":{"resources":[{"address":"aws_security_group.Public_SG_Deham10","mode":"managed","type":"aws_security_group","name":"Public_SG_Deham10","provider_name":"registry.terraform.io/hashicorp/aws","schema_version":1,"values":{"arn":"arn:aws:ec2:us-west-2:767397978169:security-group/sg-0836ebb9255b0b6df","description":"Allow SSH and HTTP inbound traffic","egress":[{"cidr_blocks":["0.0.0.0/0"],"description":"","from_port":0,"ipv6_cidr_blocks":[],"prefix_list_ids":[],"protocol":"-1","security_groups":[],"self":false,"to_port":0}],"id":"sg-0836ebb9255b0b6df","ingress":[{"cidr_blocks":["0.0.0.0/0"],"description":"HTTP from VPC","from_port":80,"ipv6_cidr_blocks":[],"prefix_list_ids":[],"protocol":"tcp","security_groups":[],"self":false,"to_port":80},{"cidr_blocks":["0.0.0.0/0"],"description":"SSH from VPC","from_port":22,"ipv6_cidr_blocks":[],"prefix_list_ids":[],"protocol":"tcp","security_groups":[],"self":false,"to_port":22}],"name":"Public_SG_Deham10","name_prefix":"","owner_id":"767397978169","revoke_rules_on_delete":false,"tags":{},"tags_all":{},"timeouts":null,"vpc_id":"vpc-0a676ff821fd9c8ed"},"sensitive_values":{"egress":[{"cidr_blocks":[false],"ipv6_cidr_blocks":[],"prefix_list_ids":[],"security_groups":[]}],"ingress":[{"cidr_blocks":[false],"ipv6_cidr_blocks":[],"prefix_list_ids":[],"security_groups":[]},{"cidr_blocks":[false],"ipv6_cidr_blocks":[],"prefix_list_ids":[],"security_groups":[]}],"tags":{},"tags_all":{}},"depends_on":["aws_vpc.Deham10_VPC"]},{"address":"aws_subnet.Deham10_Subnet","mode":"managed","type":"aws_subnet","name":"Deham10_Subnet","provider_name":"registry.terraform.io/hashicorp/aws","schema_version":1,"values":{"arn":"arn:aws:ec2:us-west-2:767397978169:subnet/subnet-04a5b267ae73d6c57","assign_ipv6_address_on_creation":false,"availability_zone":"us-west-2a","availability_zone_id":"usw2-az2","cidr_block":"10.0.0.0/24","customer_owned_ipv4_pool":"","enable_dns64":false,"enable_lni_at_device_index":0,"enable_resource_name_dns_a_record_on_launch":false,"enable_resource_name_dns_aaaa_record_on_launch":false,"id":"subnet-04a5b267ae73d6c57","ipv6_cidr_block":"","ipv6_cidr_block_association_id":"","ipv6_native":false,"map_customer_owned_ip_on_launch":false,"map_public_ip_on_launch":false,"outpost_arn":"","owner_id":"767397978169","private_dns_hostname_type_on_launch":"ip-name","tags":{"Name":"Deham10_Subnet"},"tags_all":{"Name":"Deham10_Subnet"},"timeouts":null,"vpc_id":"vpc-0a676ff821fd9c8ed"},"sensitive_values":{"tags":{},"tags_all":{}},"depends_on":["aws_vpc.Deham10_VPC"]},{"address":"aws_vpc.Deham10_VPC","mode":"managed","type":"aws_vpc","name":"Deham10_VPC","provider_name":"registry.terraform.io/hashicorp/aws","schema_version":1,"values":{"arn":"arn:aws:ec2:us-west-2:767397978169:vpc/vpc-0a676ff821fd9c8ed","assign_generated_ipv6_cidr_block":false,"cidr_block":"10.0.0.0/16","default_network_acl_id":"acl-0f2fd21f733eab758","default_route_table_id":"rtb-04279791614a2fdf7","default_security_group_id":"sg-07687713fef5f2986","dhcp_options_id":"dopt-0a537aeaecd3171f4","enable_dns_hostnames":true,"enable_dns_support":true,"enable_network_address_usage_metrics":false,"id":"vpc-0a676ff821fd9c8ed","instance_tenancy":"default","ipv4_ipam_pool_id":null,"ipv4_netmask_length":null,"ipv6_association_id":"","ipv6_cidr_block":"","ipv6_cidr_block_network_border_group":"","ipv6_ipam_pool_id":"","ipv6_netmask_length":0,"main_route_table_id":"rtb-04279791614a2fdf7","owner_id":"767397978169","tags":{"Name":"Deham10_VPC"},"tags_all":{"Name":"Deham10_VPC"}},"sensitive_values":{"tags":{},"tags_all":{}}}]}}},"configuration":{"provider_config":{"aws":{"name":"aws","full_name":"registry.terraform.io/hashicorp/aws","expressions":{"region":{"constant_value":"us-west-2"}}}},"root_module":{"outputs":{"Instance_Id":{"expression":{"references":["aws_instance.Deham10.id","aws_instance.Deham10"]},"description":"The ID of the instance"}},"resources":[{"address":"aws_instance.Deham10","mode":"managed","type":"aws_instance","name":"Deham10","provider_config_key":"aws","provisioners":[{"type":"local-exec","expressions":{"command":{"references":["self.id","self"]}}}],"expressions":{"ami":{"constant_value":"ami-0d442a425e2e0a743"},"instance_type":{"constant_value":"t2.micro"},"key_name":{"constant_value":"vockey"},"subnet_id":{"references":["aws_subnet.Deham10_Subnet.id","aws_subnet.Deham10_Subnet"]},"tags":{"constant_value":{"Name":"Deham10"}},"user_data":{"constant_value":"                #!/bin/bash\r\n                sudo yum update -y\r\n                sudo yum install -y httpd\r\n                sudo systemctl start httpd\r\n                sudo systemctl enable httpd\r\n                sudo echo \"\u003c!DOCTYPE html\u003e\r\n\u003chtml lang=\"en\"\u003e\r\n\u003chead\u003e\r\n    \u003cmeta charset=\"UTF-8\"\u003e\r\n    \u003cmeta name=\"viewport\" content=\"width=device-width, initial-scale=1.0\"\u003e\r\n    \u003ctitle\u003eFuturistic Design\u003c/title\u003e\r\n    \u003cstyle\u003e\r\n        body {\r\n            background-color: #0a0a0a;\r\n            color: #fff;\r\n            font-family: 'Arial', sans-serif;\r\n            margin: 0;\r\n            padding: 0;\r\n            display: flex;\r\n            align-items: center;\r\n            justify-content: center;\r\n            height: 100vh;\r\n        }\r\n\r\n        h1 {\r\n            font-size: 3em;\r\n            text-align: center;\r\n            margin-bottom: 20px;\r\n        }\r\n\r\n        .container {\r\n            background-color: #1f1f1f;\r\n            padding: 20px;\r\n            border-radius: 10px;\r\n            box-shadow: 0 0 10px rgba(255, 255, 255, 0.3);\r\n        }\r\n\r\n        p {\r\n            font-size: 1.2em;\r\n            line-height: 1.6;\r\n        }\r\n\r\n        button {\r\n            background-color: #3498db;\r\n            color: #fff;\r\n            border: none;\r\n            padding: 10px 20px;\r\n            font-size: 1em;\r\n            cursor: pointer;\r\n            border-radius: 5px;\r\n            transition: background-color 0.3s;\r\n        }\r\n\r\n        button:hover {\r\n            background-color: #2980b9;\r\n        }\r\n    \u003c/style\u003e\r\n\u003c/head\u003e\r\n\u003cbody\u003e\r\n\r\n    \u003cdiv class=\"container\"\u003e\r\n        \u003ch1\u003eWelcome to the Future\u003c/h1\u003e\r\n        \u003cp\u003eThis is a futuristic HTML template. Feel free to customize it according to your needs.\u003c/p\u003e\r\n        \u003cbutton\u003eGet Started\u003c/button\u003e\r\n    \u003c/div\u003e\r\n\r\n\u003c/body\u003e\r\n\u003c/html\u003e\r\n\" \u003e /var/www/html/index.html\r\n"},"vpc_security_group_ids":{"references":["aws_security_group.Public_SG_Deham10.id","aws_security_group.Public_SG_Deham10"]}},"schema_version":1},{"address":"aws_security_group.Public_SG_Deham10","mode":"managed","type":"aws_security_group","name":"Public_SG_Deham10","provider_config_key":"aws","expressions":{"description":{"constant_value":"Allow SSH and HTTP inbound traffic"},"egress":{"constant_value":[{"cidr_blocks":["0.0.0.0/0"],"description":null,"from_port":0,"ipv6_cidr_blocks":null,"prefix_list_ids":null,"protocol":"-1","security_groups":null,"self":null,"to_port":0}]},"ingress":{"constant_value":[{"cidr_blocks":["0.0.0.0/0"],"description":"SSH from VPC","from_port":22,"ipv6_cidr_blocks":null,"prefix_list_ids":null,"protocol":"tcp","security_groups":null,"self":null,"to_port":22},{"cidr_blocks":["0.0.0.0/0"],"description":"HTTP from VPC","from_port":80,"ipv6_cidr_blocks":null,"prefix_list_ids":null,"protocol":"tcp","security_groups":null,"self":null,"to_port":80}]},"name":{"constant_value":"Public_SG_Deham10"},"vpc_id":{"references":["aws_vpc.Deham10_VPC.id","aws_vpc.Deham10_VPC"]}},"schema_version":1},{"address":"aws_subnet.Deham10_Subnet","mode":"managed","type":"aws_subnet","name":"Deham10_Subnet","provider_config_key":"aws","expressions":{"availability_zone":{"constant_value":"us-west-2a"},"cidr_block":{"constant_value":"10.0.0.0/24"},"tags":{"constant_value":{"Name":"Deham10_Subnet"}},"vpc_id":{"references":["aws_vpc.Deham10_VPC.id","aws_vpc.Deham10_VPC"]}},"schema_version":1},{"address":"aws_vpc.Deham10_VPC","mode":"managed","type":"aws_vpc","name":"Deham10_VPC","provider_config_key":"aws","expressions":{"cidr_block":{"constant_value":"10.0.0.0/16"},"enable_dns_hostnames":{"constant_value":true},"enable_dns_support":{"constant_value":true},"tags":{"constant_value":{"Name":"Deham10_VPC"}}},"schema_version":1}]}},"relevant_attributes":[{"resource":"aws_subnet.Deham10_Subnet","attribute":["id"]},{"resource":"aws_security_group.Public_SG_Deham10","attribute":["id"]},{"resource":"aws_instance.Deham10","attribute":["id"]}],"timestamp":"2024-02-07T11:06:07Z","errored":false}
